
Microsoft Visual Studio Solution File, Format Version 12.00
# Visual Studio 15
VisualStudioVersion = 15.0.28010.2019
MinimumVisualStudioVersion = 10.0.40219.1
Project("{FAE04EC0-301F-11D3-BF4B-00C04F79EFBC}") = "Zadanie_2.9", "Zadanie_2.9\Zadanie_2.9.csproj", "{23FE414C-CB87-42E0-ABDB-FF9CEAC10370}"
EndProject
Global
	GlobalSection(SolutionConfigurationPlatforms) = preSolution
		Debug|Any CPU = Debug|Any CPU
		Release|Any CPU = Release|Any CPU
	EndGlobalSection
	GlobalSection(ProjectConfigurationPlatforms) = postSolution
		{23FE414C-CB87-42E0-ABDB-FF9CEAC10370}.Debug|Any CPU.ActiveCfg = Debug|Any CPU
		{23FE414C-CB87-42E0-ABDB-FF9CEAC10370}.Debug|Any CPU.Build.0 = Debug|Any CPU
		{23FE414C-CB87-42E0-ABDB-FF9CEAC10370}.Release|Any CPU.ActiveCfg = Release|Any CPU
		{23FE414C-CB87-42E0-ABDB-FF9CEAC10370}.Release|Any CPU.Build.0 = Release|Any CPU
	EndGlobalSection
	GlobalSection(SolutionProperties) = preSolution
		HideSolutionNode = FALSE
	EndGlobalSection
	GlobalSection(ExtensibilityGlobals) = postSolution
		SolutionGuid = {27E814BC-1346-45C0-AFBA-64B4E70C439A}
	EndGlobalSection
EndGlobal
