
Microsoft Visual Studio Solution File, Format Version 12.00
# Visual Studio 15
VisualStudioVersion = 15.0.28010.2019
MinimumVisualStudioVersion = 10.0.40219.1
Project("{FAE04EC0-301F-11D3-BF4B-00C04F79EFBC}") = "Zadanie_2.5", "Zadanie_2.5\Zadanie_2.5.csproj", "{616C6EFB-C6FC-4394-A736-40FE9B5E5641}"
EndProject
Global
	GlobalSection(SolutionConfigurationPlatforms) = preSolution
		Debug|Any CPU = Debug|Any CPU
		Release|Any CPU = Release|Any CPU
	EndGlobalSection
	GlobalSection(ProjectConfigurationPlatforms) = postSolution
		{616C6EFB-C6FC-4394-A736-40FE9B5E5641}.Debug|Any CPU.ActiveCfg = Debug|Any CPU
		{616C6EFB-C6FC-4394-A736-40FE9B5E5641}.Debug|Any CPU.Build.0 = Debug|Any CPU
		{616C6EFB-C6FC-4394-A736-40FE9B5E5641}.Release|Any CPU.ActiveCfg = Release|Any CPU
		{616C6EFB-C6FC-4394-A736-40FE9B5E5641}.Release|Any CPU.Build.0 = Release|Any CPU
	EndGlobalSection
	GlobalSection(SolutionProperties) = preSolution
		HideSolutionNode = FALSE
	EndGlobalSection
	GlobalSection(ExtensibilityGlobals) = postSolution
		SolutionGuid = {29C5E6C0-38BD-4CE2-AC9A-77BF7C477181}
	EndGlobalSection
EndGlobal
